
Microsoft Visual Studio Solution File, Format Version 12.00
# Visual Studio 2012
Project("{FAE04EC0-301F-11D3-BF4B-00C04F79EFBC}") = "GlowifyBeauty", "GlowifyBeauty\GlowifyBeauty.csproj", "{F1CD4939-7427-4503-8D24-1DA8A0262716}"
EndProject
Global
	GlobalSection(SolutionConfigurationPlatforms) = preSolution
		Debug|Any CPU = Debug|Any CPU
		Release|Any CPU = Release|Any CPU
	EndGlobalSection
	GlobalSection(ProjectConfigurationPlatforms) = postSolution
		{F1CD4939-7427-4503-8D24-1DA8A0262716}.Debug|Any CPU.ActiveCfg = Debug|Any CPU
		{F1CD4939-7427-4503-8D24-1DA8A0262716}.Debug|Any CPU.Build.0 = Debug|Any CPU
		{F1CD4939-7427-4503-8D24-1DA8A0262716}.Release|Any CPU.ActiveCfg = Release|Any CPU
		{F1CD4939-7427-4503-8D24-1DA8A0262716}.Release|Any CPU.Build.0 = Release|Any CPU
	EndGlobalSection
	GlobalSection(SolutionProperties) = preSolution
		HideSolutionNode = FALSE
	EndGlobalSection
EndGlobal
